
Microsoft Visual Studio Solution File, Format Version 12.00
# Visual Studio 15
VisualStudioVersion = 15.0.28010.2026
MinimumVisualStudioVersion = 10.0.40219.1
Project("{FAE04EC0-301F-11D3-BF4B-00C04F79EFBC}") = "Tiendon.Web", "Tiendon.Web\Tiendon.Web.csproj", "{E2085EF4-3DB4-415A-AB35-5CF9344A3ED3}"
	ProjectSection(ProjectDependencies) = postProject
		{7629686F-0784-48E2-958C-978C495EA72E} = {7629686F-0784-48E2-958C-978C495EA72E}
	EndProjectSection
EndProject
Project("{FAE04EC0-301F-11D3-BF4B-00C04F79EFBC}") = "Tiendon.Nucleo", "Tiendon.Nucleo\Tiendon.Nucleo.csproj", "{7629686F-0784-48E2-958C-978C495EA72E}"
EndProject
Global
	GlobalSection(SolutionConfigurationPlatforms) = preSolution
		Debug|Any CPU = Debug|Any CPU
		Release|Any CPU = Release|Any CPU
	EndGlobalSection
	GlobalSection(ProjectConfigurationPlatforms) = postSolution
		{E2085EF4-3DB4-415A-AB35-5CF9344A3ED3}.Debug|Any CPU.ActiveCfg = Debug|Any CPU
		{E2085EF4-3DB4-415A-AB35-5CF9344A3ED3}.Debug|Any CPU.Build.0 = Debug|Any CPU
		{E2085EF4-3DB4-415A-AB35-5CF9344A3ED3}.Release|Any CPU.ActiveCfg = Release|Any CPU
		{E2085EF4-3DB4-415A-AB35-5CF9344A3ED3}.Release|Any CPU.Build.0 = Release|Any CPU
		{7629686F-0784-48E2-958C-978C495EA72E}.Debug|Any CPU.ActiveCfg = Debug|Any CPU
		{7629686F-0784-48E2-958C-978C495EA72E}.Debug|Any CPU.Build.0 = Debug|Any CPU
		{7629686F-0784-48E2-958C-978C495EA72E}.Release|Any CPU.ActiveCfg = Release|Any CPU
		{7629686F-0784-48E2-958C-978C495EA72E}.Release|Any CPU.Build.0 = Release|Any CPU
	EndGlobalSection
	GlobalSection(SolutionProperties) = preSolution
		HideSolutionNode = FALSE
	EndGlobalSection
	GlobalSection(ExtensibilityGlobals) = postSolution
		SolutionGuid = {7826C29C-C0DF-49C1-B354-F46F59822365}
	EndGlobalSection
EndGlobal
